
Microsoft Visual Studio Solution File, Format Version 12.00
# Visual Studio Version 18
VisualStudioVersion = 18.0.11222.15
MinimumVisualStudioVersion = 10.0.40219.1
Project("{FAE04EC0-301F-11D3-BF4B-00C04F79EFBC}") = "KongerServerCore", "Core\KongerServerCore.csproj", "{635E1BC0-AC99-BD38-7308-03DEE3DE3F40}"
EndProject
Project("{FAE04EC0-301F-11D3-BF4B-00C04F79EFBC}") = "ProjectKongorCoreTests", "Tests\ProjectKongorCoreTests.csproj", "{655FC1B2-E6C0-1A5A-2FEF-8EBDFDF98A3C}"
EndProject
Global
	GlobalSection(SolutionConfigurationPlatforms) = preSolution
		Debug|Any CPU = Debug|Any CPU
		Release|Any CPU = Release|Any CPU
	EndGlobalSection
	GlobalSection(ProjectConfigurationPlatforms) = postSolution
		{635E1BC0-AC99-BD38-7308-03DEE3DE3F40}.Debug|Any CPU.ActiveCfg = Debug|Any CPU
		{635E1BC0-AC99-BD38-7308-03DEE3DE3F40}.Debug|Any CPU.Build.0 = Debug|Any CPU
		{635E1BC0-AC99-BD38-7308-03DEE3DE3F40}.Release|Any CPU.ActiveCfg = Release|Any CPU
		{635E1BC0-AC99-BD38-7308-03DEE3DE3F40}.Release|Any CPU.Build.0 = Release|Any CPU
		{655FC1B2-E6C0-1A5A-2FEF-8EBDFDF98A3C}.Debug|Any CPU.ActiveCfg = Debug|Any CPU
		{655FC1B2-E6C0-1A5A-2FEF-8EBDFDF98A3C}.Debug|Any CPU.Build.0 = Debug|Any CPU
		{655FC1B2-E6C0-1A5A-2FEF-8EBDFDF98A3C}.Release|Any CPU.ActiveCfg = Release|Any CPU
		{655FC1B2-E6C0-1A5A-2FEF-8EBDFDF98A3C}.Release|Any CPU.Build.0 = Release|Any CPU
	EndGlobalSection
	GlobalSection(SolutionProperties) = preSolution
		HideSolutionNode = FALSE
	EndGlobalSection
	GlobalSection(ExtensibilityGlobals) = postSolution
		SolutionGuid = {29533076-BFE8-4C9E-9064-2D17FCDBC444}
	EndGlobalSection
EndGlobal
