
Microsoft Visual Studio Solution File, Format Version 12.00
# Visual Studio Version 18
VisualStudioVersion = 18.0.11222.15
MinimumVisualStudioVersion = 10.0.40219.1
Project("{FAE04EC0-301F-11D3-BF4B-00C04F79EFBC}") = "ServerCoreTest", "Tests\ServerCoreTest.csproj", "{E35EDE5F-123F-636C-0DB8-791A7CE38C28}"
EndProject
Project("{FAE04EC0-301F-11D3-BF4B-00C04F79EFBC}") = "ServerCore", "Core\ServerCore.csproj", "{167EEABF-A207-6037-33B7-14AF41AD11B1}"
EndProject
Global
	GlobalSection(SolutionConfigurationPlatforms) = preSolution
		Debug|Any CPU = Debug|Any CPU
		Release|Any CPU = Release|Any CPU
	EndGlobalSection
	GlobalSection(ProjectConfigurationPlatforms) = postSolution
		{E35EDE5F-123F-636C-0DB8-791A7CE38C28}.Debug|Any CPU.ActiveCfg = Debug|Any CPU
		{E35EDE5F-123F-636C-0DB8-791A7CE38C28}.Debug|Any CPU.Build.0 = Debug|Any CPU
		{E35EDE5F-123F-636C-0DB8-791A7CE38C28}.Release|Any CPU.ActiveCfg = Release|Any CPU
		{E35EDE5F-123F-636C-0DB8-791A7CE38C28}.Release|Any CPU.Build.0 = Release|Any CPU
		{167EEABF-A207-6037-33B7-14AF41AD11B1}.Debug|Any CPU.ActiveCfg = Debug|Any CPU
		{167EEABF-A207-6037-33B7-14AF41AD11B1}.Debug|Any CPU.Build.0 = Debug|Any CPU
		{167EEABF-A207-6037-33B7-14AF41AD11B1}.Release|Any CPU.ActiveCfg = Release|Any CPU
		{167EEABF-A207-6037-33B7-14AF41AD11B1}.Release|Any CPU.Build.0 = Release|Any CPU
	EndGlobalSection
	GlobalSection(SolutionProperties) = preSolution
		HideSolutionNode = FALSE
	EndGlobalSection
	GlobalSection(ExtensibilityGlobals) = postSolution
		SolutionGuid = {29533076-BFE8-4C9E-9064-2D17FCDBC444}
	EndGlobalSection
EndGlobal
